<?xml version="1.0" encoding="utf-8"?>
<Project ToolsVersion="4.0" xmlns="http://schemas.microsoft.com/developer/msbuild/2003">
  <ItemGroup>
    <Filter Include="Default">
      <UniqueIdentifier>{f5dac0ae-f88a-4092-a8bb-eaf9d1145ed3}</UniqueIdentifier>
    </Filter>
    <Filter Include="Main">
      <UniqueIdentifier>{ce8e8737-5109-4099-932b-412e5612adb3}</UniqueIdentifier>
    </Filter>
    <Filter Include="Managers">
      <UniqueIdentifier>{3d008573-e7e6-48c6-8e24-0248b5c1003d}</UniqueIdentifier>
    </Filter>
    <Filter Include="Network">
      <UniqueIdentifier>{8372c802-7747-4f06-b97f-c8669d7a0c86}</UniqueIdentifier>
    </Filter>
    <Filter Include="Services">
      <UniqueIdentifier>{c7c68807-8c61-4c53-b9e5-b1ffa9871ab3}</UniqueIdentifier>
    </Filter>
    <Filter Include="Network\ClientInfo">
      <UniqueIdentifier>{8563a05d-7b67-49a5-9dac-6df848f3d412}</UniqueIdentifier>
    </Filter>
    <Filter Include="Network\OverlappedEx">
      <UniqueIdentifier>{00331bca-8fd9-4f47-b753-5c8110a324ce}</UniqueIdentifier>
    </Filter>
    <Filter Include="Network\Buffers">
      <UniqueIdentifier>{74d28019-b9a2-4be2-a408-e7b968bfd32b}</UniqueIdentifier>
    </Filter>
    <Filter Include="Network\Buffers\PacketBuffer">
      <UniqueIdentifier>{93ed76b1-48cc-449d-ba15-47df779e3e82}</UniqueIdentifier>
    </Filter>
    <Filter Include="Services\ChatServer">
      <UniqueIdentifier>{28a16e53-8bd1-46ca-af60-65ca78ecad01}</UniqueIdentifier>
    </Filter>
    <Filter Include="Services\EchoServer">
      <UniqueIdentifier>{d8b67ad1-4c17-4bd5-9051-b0af1a26ae0b}</UniqueIdentifier>
    </Filter>
    <Filter Include="Managers\PacketManager">
      <UniqueIdentifier>{e775c404-02f3-45b4-8235-0e3614b662d5}</UniqueIdentifier>
    </Filter>
    <Filter Include="Managers\UserManager">
      <UniqueIdentifier>{0d48b6d7-fc05-4227-991d-a69fa6f1b6af}</UniqueIdentifier>
    </Filter>
    <Filter Include="DatabaseModels">
      <UniqueIdentifier>{be608bdd-36ee-4dfc-9280-0f15bf9c7160}</UniqueIdentifier>
    </Filter>
    <Filter Include="Enums">
      <UniqueIdentifier>{5a26339f-15ab-4733-bf72-063fd8cf8fb2}</UniqueIdentifier>
    </Filter>
    <Filter Include="Managers\RoomManager">
      <UniqueIdentifier>{03cb6b38-e24f-4c0c-8c45-25a0b9d00565}</UniqueIdentifier>
    </Filter>
    <Filter Include="ObjectModels">
      <UniqueIdentifier>{58e2e790-3ea9-49f4-99bb-dc595efa974f}</UniqueIdentifier>
    </Filter>
    <Filter Include="ObjectModels\Packet">
      <UniqueIdentifier>{9e54d96e-0c1b-4577-a5be-6abca0627485}</UniqueIdentifier>
    </Filter>
    <Filter Include="ObjectModels\Packet\Login">
      <UniqueIdentifier>{4f4d1eda-2821-401f-83f1-4b126122e4cf}</UniqueIdentifier>
    </Filter>
    <Filter Include="ObjectModels\Packet\Room">
      <UniqueIdentifier>{d639d05c-8a94-4b3f-8a58-47fec32f1835}</UniqueIdentifier>
    </Filter>
    <Filter Include="ObjectModels\Packet\RoomChat">
      <UniqueIdentifier>{3e5eb574-e15b-478e-bee1-8498943ea453}</UniqueIdentifier>
    </Filter>
    <Filter Include="ObjectModels\User">
      <UniqueIdentifier>{197a744b-853c-4af3-9adf-e19a4f6d0a53}</UniqueIdentifier>
    </Filter>
    <Filter Include="ObjectModels\Room">
      <UniqueIdentifier>{b5b0d542-9d55-422a-adb3-d22e67878002}</UniqueIdentifier>
    </Filter>
  </ItemGroup>
  <ItemGroup>
    <ClCompile Include="pch.cpp">
      <Filter>Default</Filter>
    </ClCompile>
    <ClCompile Include="fl-server.cpp">
      <Filter>Main</Filter>
    </ClCompile>
    <ClCompile Include="..\src\IOCPServer.cpp">
      <Filter>Network</Filter>
    </ClCompile>
    <ClCompile Include="..\src\Packet.cpp">
      <Filter>ObjectModels\Packet</Filter>
    </ClCompile>
    <ClCompile Include="..\src\User.cpp">
      <Filter>ObjectModels\User</Filter>
    </ClCompile>
    <ClCompile Include="..\src\ClientInfo.cpp">
      <Filter>Network\ClientInfo</Filter>
    </ClCompile>
    <ClCompile Include="..\src\ChatServer.cpp">
      <Filter>Services\ChatServer</Filter>
    </ClCompile>
    <ClCompile Include="..\src\EchoServer.cpp">
      <Filter>Services\EchoServer</Filter>
    </ClCompile>
    <ClCompile Include="..\src\PacketBuffer.cpp">
      <Filter>Network\Buffers\PacketBuffer</Filter>
    </ClCompile>
    <ClCompile Include="..\src\PacketManager.cpp">
      <Filter>Managers\PacketManager</Filter>
    </ClCompile>
    <ClCompile Include="..\src\UserManager.cpp">
      <Filter>Managers\UserManager</Filter>
    </ClCompile>
    <ClCompile Include="..\src\Room.cpp">
      <Filter>ObjectModels\Room</Filter>
    </ClCompile>
    <ClCompile Include="..\src\RoomManager.cpp">
      <Filter>Managers\RoomManager</Filter>
    </ClCompile>
  </ItemGroup>
  <ItemGroup>
    <ClInclude Include="pch.h">
      <Filter>Default</Filter>
    </ClInclude>
    <ClInclude Include="Define.h">
      <Filter>Default</Filter>
    </ClInclude>
    <ClInclude Include="..\includes\Enums.h">
      <Filter>Enums</Filter>
    </ClInclude>
    <ClInclude Include="..\includes\IOOperation.h">
      <Filter>Enums</Filter>
    </ClInclude>
    <ClInclude Include="..\includes\Server_Defines.h">
      <Filter>Default</Filter>
    </ClInclude>
    <ClInclude Include="..\includes\IOCPServer.h">
      <Filter>Network</Filter>
    </ClInclude>
    <ClInclude Include="..\includes\ErrorCode.h">
      <Filter>Enums</Filter>
    </ClInclude>
    <ClInclude Include="..\includes\PacketInfo.h">
      <Filter>ObjectModels\Packet</Filter>
    </ClInclude>
    <ClInclude Include="..\includes\Packet.h">
      <Filter>ObjectModels\Packet</Filter>
    </ClInclude>
    <ClInclude Include="..\includes\PacketHeader.h">
      <Filter>ObjectModels\Packet</Filter>
    </ClInclude>
    <ClInclude Include="..\includes\LoginPacket.h">
      <Filter>ObjectModels\Packet\Login</Filter>
    </ClInclude>
    <ClInclude Include="..\includes\PacketId.h">
      <Filter>Enums</Filter>
    </ClInclude>
    <ClInclude Include="..\includes\RoomPacket.h">
      <Filter>ObjectModels\Packet\Room</Filter>
    </ClInclude>
    <ClInclude Include="..\includes\RoomChatPacket.h">
      <Filter>ObjectModels\Packet\RoomChat</Filter>
    </ClInclude>
    <ClInclude Include="..\includes\User.h">
      <Filter>ObjectModels\User</Filter>
    </ClInclude>
    <ClInclude Include="..\includes\DomainState.h">
      <Filter>Enums</Filter>
    </ClInclude>
    <ClInclude Include="..\includes\ClientInfo.h">
      <Filter>Network\ClientInfo</Filter>
    </ClInclude>
    <ClInclude Include="..\includes\OverlappedEx.h">
      <Filter>Network\OverlappedEx</Filter>
    </ClInclude>
    <ClInclude Include="..\includes\ChatServer.h">
      <Filter>Services\ChatServer</Filter>
    </ClInclude>
    <ClInclude Include="..\includes\EchoServer.h">
      <Filter>Services\EchoServer</Filter>
    </ClInclude>
    <ClInclude Include="..\includes\PacketBuffer.h">
      <Filter>Network\Buffers\PacketBuffer</Filter>
    </ClInclude>
    <ClInclude Include="..\includes\Server_Function.h">
      <Filter>Default</Filter>
    </ClInclude>
    <ClInclude Include="..\includes\UserManager.h">
      <Filter>Managers\UserManager</Filter>
    </ClInclude>
    <ClInclude Include="..\includes\Room.h">
      <Filter>ObjectModels\Room</Filter>
    </ClInclude>
    <ClInclude Include="..\includes\RoomManager.h">
      <Filter>Managers\RoomManager</Filter>
    </ClInclude>
    <ClInclude Include="..\includes\PacketManager.h">
      <Filter>Managers\PacketManager</Filter>
    </ClInclude>
  </ItemGroup>
</Project>